PODS:
  - FBSnapshotTestCase (2.1.4):
    - FBSnapshotTestCase/SwiftSupport (= 2.1.4)
  - FBSnapshotTestCase/Core (2.1.4)
  - FBSnapshotTestCase/SwiftSupport (2.1.4):
    - FBSnapshotTestCase/Core
  - KZWFoundation (0.1.0)

DEPENDENCIES:
  - FBSnapshotTestCase
  - KZWFoundation (from `../`)

SPEC REPOS:
  trunk:
    - FBSnapshotTestCase

EXTERNAL SOURCES:
  KZWFoundation:
    :path: "../"

SPEC CHECKSUMS:
  FBSnapshotTestCase: 094f9f314decbabe373b87cc339bea235a63e07a
  KZWFoundation: 20bf822a901ab53d6425aea44dd495d2e48894ba

PODFILE CHECKSUM: 589fa44c9bf4d32a29ae5d483abb8bf7309ac73c

COCOAPODS: 1.11.2
